
Microsoft Visual Studio Solution File, Format Version 12.00
# Visual Studio 14
VisualStudioVersion = 14.0.25123.0
MinimumVisualStudioVersion = 10.0.40219.1
Project("{FAE04EC0-301F-11D3-BF4B-00C04F79EFBC}") = "Like.Data", "Like.Data\Like.Data.csproj", "{5A9214B9-A147-4180-B2BA-CF7A1158F980}"
EndProject
Project("{FAE04EC0-301F-11D3-BF4B-00C04F79EFBC}") = "Like.Services", "Like.Services\Like.Services.csproj", "{4C7681F2-0FFC-481A-9819-7893EDB5D054}"
EndProject
Project("{FAE04EC0-301F-11D3-BF4B-00C04F79EFBC}") = "Like.Web", "Like.Web\Like.Web.csproj", "{6F3256C9-BDDC-4B8C-8454-89274B8AAC16}"
EndProject
Project("{FAE04EC0-301F-11D3-BF4B-00C04F79EFBC}") = "Like.Entities", "Like.Entities\Like.Entities.csproj", "{E769FC1F-1F00-4655-AC09-E6BD1BB7D28D}"
EndProject
Global
	GlobalSection(SolutionConfigurationPlatforms) = preSolution
		Debug|Any CPU = Debug|Any CPU
		Release|Any CPU = Release|Any CPU
	EndGlobalSection
	GlobalSection(ProjectConfigurationPlatforms) = postSolution
		{5A9214B9-A147-4180-B2BA-CF7A1158F980}.Debug|Any CPU.ActiveCfg = Debug|Any CPU
		{5A9214B9-A147-4180-B2BA-CF7A1158F980}.Debug|Any CPU.Build.0 = Debug|Any CPU
		{5A9214B9-A147-4180-B2BA-CF7A1158F980}.Release|Any CPU.ActiveCfg = Release|Any CPU
		{5A9214B9-A147-4180-B2BA-CF7A1158F980}.Release|Any CPU.Build.0 = Release|Any CPU
		{4C7681F2-0FFC-481A-9819-7893EDB5D054}.Debug|Any CPU.ActiveCfg = Debug|Any CPU
		{4C7681F2-0FFC-481A-9819-7893EDB5D054}.Debug|Any CPU.Build.0 = Debug|Any CPU
		{4C7681F2-0FFC-481A-9819-7893EDB5D054}.Release|Any CPU.ActiveCfg = Release|Any CPU
		{4C7681F2-0FFC-481A-9819-7893EDB5D054}.Release|Any CPU.Build.0 = Release|Any CPU
		{6F3256C9-BDDC-4B8C-8454-89274B8AAC16}.Debug|Any CPU.ActiveCfg = Debug|Any CPU
		{6F3256C9-BDDC-4B8C-8454-89274B8AAC16}.Debug|Any CPU.Build.0 = Debug|Any CPU
		{6F3256C9-BDDC-4B8C-8454-89274B8AAC16}.Release|Any CPU.ActiveCfg = Release|Any CPU
		{6F3256C9-BDDC-4B8C-8454-89274B8AAC16}.Release|Any CPU.Build.0 = Release|Any CPU
		{E769FC1F-1F00-4655-AC09-E6BD1BB7D28D}.Debug|Any CPU.ActiveCfg = Debug|Any CPU
		{E769FC1F-1F00-4655-AC09-E6BD1BB7D28D}.Debug|Any CPU.Build.0 = Debug|Any CPU
		{E769FC1F-1F00-4655-AC09-E6BD1BB7D28D}.Release|Any CPU.ActiveCfg = Release|Any CPU
		{E769FC1F-1F00-4655-AC09-E6BD1BB7D28D}.Release|Any CPU.Build.0 = Release|Any CPU
	EndGlobalSection
	GlobalSection(SolutionProperties) = preSolution
		HideSolutionNode = FALSE
	EndGlobalSection
EndGlobal
